
Microsoft Visual Studio Solution File, Format Version 12.00
# Visual Studio Version 17
VisualStudioVersion = 17.12.35527.113
MinimumVisualStudioVersion = 10.0.40219.1
Project("{2150E333-8FDC-42A3-9474-1A3956D46DE8}") = "src", "src", "{82EE567D-0A12-4694-9A7F-5D916235B911}"
EndProject
Project("{2150E333-8FDC-42A3-9474-1A3956D46DE8}") = "tests", "tests", "{6454AF3B-2320-4AEE-96AA-F1FE40C4AD10}"
EndProject
Project("{8BC9CEB8-8B4A-11D0-8D11-00A0C91BC942}") = "Content", "src\Content\Content.vcxproj", "{37B01338-4FA9-4006-B598-6BCF5A38538D}"
EndProject
Project("{FAE04EC0-301F-11D3-BF4B-00C04F79EFBC}") = "DatabaseServer", "src\DatabaseServer\DatabaseServer.csproj", "{44B671CA-9666-4FF2-BF77-C5A4EBC8C50D}"
EndProject
Project("{8BC9CEB8-8B4A-11D0-8D11-00A0C91BC942}") = "NetworkIO", "src\NetworkIO\NetworkIO.vcxproj", "{0667478B-93CB-4F1F-8BE8-C404621CD26C}"
EndProject
Project("{8BC9CEB8-8B4A-11D0-8D11-00A0C91BC942}") = "Content.Tests", "tests\Content.Tests\Content.Tests.vcxproj", "{C2257AF9-8302-44C7-B089-5B95F68B01F6}"
EndProject
Project("{FAE04EC0-301F-11D3-BF4B-00C04F79EFBC}") = "DatabaseServer.Tests", "tests\DatabaseServer.Tests\DatabaseServer.Tests.csproj", "{C0269D7C-BB40-4D48-AB08-A7591ED3C45C}"
EndProject
Project("{8BC9CEB8-8B4A-11D0-8D11-00A0C91BC942}") = "NetworkIO.Tests", "tests\NetworkIO.Tests\NetworkIO.Tests.vcxproj", "{D4CDB256-9FC6-4E24-AC01-F070D2A5B9F3}"
EndProject
Project("{FAE04EC0-301F-11D3-BF4B-00C04F79EFBC}") = "ChatClient", "src\ChatClient\ChatClient.csproj", "{1C614EBB-BCBD-4439-9ED5-7E042768FA07}"
EndProject
Project("{FAE04EC0-301F-11D3-BF4B-00C04F79EFBC}") = "ChatClient.Tests", "tests\ChatClient.Tests\ChatClient.Tests.csproj", "{C1810B99-346C-4D5D-9501-A5819286304A}"
EndProject
Project("{8BC9CEB8-8B4A-11D0-8D11-00A0C91BC942}") = "ChatServer", "src\ChatServer\ChatServer.vcxproj", "{214679CD-B980-40DB-9DA4-2327C8F3FAE6}"
EndProject
Project("{8BC9CEB8-8B4A-11D0-8D11-00A0C91BC942}") = "ChatServer.Tests", "tests\ChatServer.Tests\ChatServer.Tests.vcxproj", "{35E3115D-FB9E-4675-8FCE-96A9F7C72EF3}"
EndProject
Global
	GlobalSection(SolutionConfigurationPlatforms) = preSolution
		Debug|Any CPU = Debug|Any CPU
		Debug|x64 = Debug|x64
		Debug|x86 = Debug|x86
		Release|Any CPU = Release|Any CPU
		Release|x64 = Release|x64
		Release|x86 = Release|x86
	EndGlobalSection
	GlobalSection(ProjectConfigurationPlatforms) = postSolution
		{37B01338-4FA9-4006-B598-6BCF5A38538D}.Debug|Any CPU.ActiveCfg = Debug|x64
		{37B01338-4FA9-4006-B598-6BCF5A38538D}.Debug|Any CPU.Build.0 = Debug|x64
		{37B01338-4FA9-4006-B598-6BCF5A38538D}.Debug|x64.ActiveCfg = Debug|x64
		{37B01338-4FA9-4006-B598-6BCF5A38538D}.Debug|x64.Build.0 = Debug|x64
		{37B01338-4FA9-4006-B598-6BCF5A38538D}.Debug|x86.ActiveCfg = Debug|Win32
		{37B01338-4FA9-4006-B598-6BCF5A38538D}.Debug|x86.Build.0 = Debug|Win32
		{37B01338-4FA9-4006-B598-6BCF5A38538D}.Release|Any CPU.ActiveCfg = Release|x64
		{37B01338-4FA9-4006-B598-6BCF5A38538D}.Release|Any CPU.Build.0 = Release|x64
		{37B01338-4FA9-4006-B598-6BCF5A38538D}.Release|x64.ActiveCfg = Release|x64
		{37B01338-4FA9-4006-B598-6BCF5A38538D}.Release|x64.Build.0 = Release|x64
		{37B01338-4FA9-4006-B598-6BCF5A38538D}.Release|x86.ActiveCfg = Release|Win32
		{37B01338-4FA9-4006-B598-6BCF5A38538D}.Release|x86.Build.0 = Release|Win32
		{44B671CA-9666-4FF2-BF77-C5A4EBC8C50D}.Debug|Any CPU.ActiveCfg = Debug|Any CPU
		{44B671CA-9666-4FF2-BF77-C5A4EBC8C50D}.Debug|Any CPU.Build.0 = Debug|Any CPU
		{44B671CA-9666-4FF2-BF77-C5A4EBC8C50D}.Debug|x64.ActiveCfg = Debug|Any CPU
		{44B671CA-9666-4FF2-BF77-C5A4EBC8C50D}.Debug|x64.Build.0 = Debug|Any CPU
		{44B671CA-9666-4FF2-BF77-C5A4EBC8C50D}.Debug|x86.ActiveCfg = Debug|Any CPU
		{44B671CA-9666-4FF2-BF77-C5A4EBC8C50D}.Debug|x86.Build.0 = Debug|Any CPU
		{44B671CA-9666-4FF2-BF77-C5A4EBC8C50D}.Release|Any CPU.ActiveCfg = Release|Any CPU
		{44B671CA-9666-4FF2-BF77-C5A4EBC8C50D}.Release|Any CPU.Build.0 = Release|Any CPU
		{44B671CA-9666-4FF2-BF77-C5A4EBC8C50D}.Release|x64.ActiveCfg = Release|Any CPU
		{44B671CA-9666-4FF2-BF77-C5A4EBC8C50D}.Release|x64.Build.0 = Release|Any CPU
		{44B671CA-9666-4FF2-BF77-C5A4EBC8C50D}.Release|x86.ActiveCfg = Release|Any CPU
		{44B671CA-9666-4FF2-BF77-C5A4EBC8C50D}.Release|x86.Build.0 = Release|Any CPU
		{0667478B-93CB-4F1F-8BE8-C404621CD26C}.Debug|Any CPU.ActiveCfg = Debug|x64
		{0667478B-93CB-4F1F-8BE8-C404621CD26C}.Debug|Any CPU.Build.0 = Debug|x64
		{0667478B-93CB-4F1F-8BE8-C404621CD26C}.Debug|x64.ActiveCfg = Debug|x64
		{0667478B-93CB-4F1F-8BE8-C404621CD26C}.Debug|x64.Build.0 = Debug|x64
		{0667478B-93CB-4F1F-8BE8-C404621CD26C}.Debug|x86.ActiveCfg = Debug|Win32
		{0667478B-93CB-4F1F-8BE8-C404621CD26C}.Debug|x86.Build.0 = Debug|Win32
		{0667478B-93CB-4F1F-8BE8-C404621CD26C}.Release|Any CPU.ActiveCfg = Release|x64
		{0667478B-93CB-4F1F-8BE8-C404621CD26C}.Release|Any CPU.Build.0 = Release|x64
		{0667478B-93CB-4F1F-8BE8-C404621CD26C}.Release|x64.ActiveCfg = Release|x64
		{0667478B-93CB-4F1F-8BE8-C404621CD26C}.Release|x64.Build.0 = Release|x64
		{0667478B-93CB-4F1F-8BE8-C404621CD26C}.Release|x86.ActiveCfg = Release|Win32
		{0667478B-93CB-4F1F-8BE8-C404621CD26C}.Release|x86.Build.0 = Release|Win32
		{C2257AF9-8302-44C7-B089-5B95F68B01F6}.Debug|Any CPU.ActiveCfg = Debug|x64
		{C2257AF9-8302-44C7-B089-5B95F68B01F6}.Debug|Any CPU.Build.0 = Debug|x64
		{C2257AF9-8302-44C7-B089-5B95F68B01F6}.Debug|x64.ActiveCfg = Debug|x64
		{C2257AF9-8302-44C7-B089-5B95F68B01F6}.Debug|x64.Build.0 = Debug|x64
		{C2257AF9-8302-44C7-B089-5B95F68B01F6}.Debug|x86.ActiveCfg = Debug|Win32
		{C2257AF9-8302-44C7-B089-5B95F68B01F6}.Debug|x86.Build.0 = Debug|Win32
		{C2257AF9-8302-44C7-B089-5B95F68B01F6}.Release|Any CPU.ActiveCfg = Release|x64
		{C2257AF9-8302-44C7-B089-5B95F68B01F6}.Release|Any CPU.Build.0 = Release|x64
		{C2257AF9-8302-44C7-B089-5B95F68B01F6}.Release|x64.ActiveCfg = Release|x64
		{C2257AF9-8302-44C7-B089-5B95F68B01F6}.Release|x64.Build.0 = Release|x64
		{C2257AF9-8302-44C7-B089-5B95F68B01F6}.Release|x86.ActiveCfg = Release|Win32
		{C2257AF9-8302-44C7-B089-5B95F68B01F6}.Release|x86.Build.0 = Release|Win32
		{C0269D7C-BB40-4D48-AB08-A7591ED3C45C}.Debug|Any CPU.ActiveCfg = Debug|Any CPU
		{C0269D7C-BB40-4D48-AB08-A7591ED3C45C}.Debug|Any CPU.Build.0 = Debug|Any CPU
		{C0269D7C-BB40-4D48-AB08-A7591ED3C45C}.Debug|x64.ActiveCfg = Debug|Any CPU
		{C0269D7C-BB40-4D48-AB08-A7591ED3C45C}.Debug|x64.Build.0 = Debug|Any CPU
		{C0269D7C-BB40-4D48-AB08-A7591ED3C45C}.Debug|x86.ActiveCfg = Debug|Any CPU
		{C0269D7C-BB40-4D48-AB08-A7591ED3C45C}.Debug|x86.Build.0 = Debug|Any CPU
		{C0269D7C-BB40-4D48-AB08-A7591ED3C45C}.Release|Any CPU.ActiveCfg = Release|Any CPU
		{C0269D7C-BB40-4D48-AB08-A7591ED3C45C}.Release|Any CPU.Build.0 = Release|Any CPU
		{C0269D7C-BB40-4D48-AB08-A7591ED3C45C}.Release|x64.ActiveCfg = Release|Any CPU
		{C0269D7C-BB40-4D48-AB08-A7591ED3C45C}.Release|x64.Build.0 = Release|Any CPU
		{C0269D7C-BB40-4D48-AB08-A7591ED3C45C}.Release|x86.ActiveCfg = Release|Any CPU
		{C0269D7C-BB40-4D48-AB08-A7591ED3C45C}.Release|x86.Build.0 = Release|Any CPU
		{D4CDB256-9FC6-4E24-AC01-F070D2A5B9F3}.Debug|Any CPU.ActiveCfg = Debug|x64
		{D4CDB256-9FC6-4E24-AC01-F070D2A5B9F3}.Debug|Any CPU.Build.0 = Debug|x64
		{D4CDB256-9FC6-4E24-AC01-F070D2A5B9F3}.Debug|x64.ActiveCfg = Debug|x64
		{D4CDB256-9FC6-4E24-AC01-F070D2A5B9F3}.Debug|x64.Build.0 = Debug|x64
		{D4CDB256-9FC6-4E24-AC01-F070D2A5B9F3}.Debug|x86.ActiveCfg = Debug|Win32
		{D4CDB256-9FC6-4E24-AC01-F070D2A5B9F3}.Debug|x86.Build.0 = Debug|Win32
		{D4CDB256-9FC6-4E24-AC01-F070D2A5B9F3}.Release|Any CPU.ActiveCfg = Release|x64
		{D4CDB256-9FC6-4E24-AC01-F070D2A5B9F3}.Release|Any CPU.Build.0 = Release|x64
		{D4CDB256-9FC6-4E24-AC01-F070D2A5B9F3}.Release|x64.ActiveCfg = Release|x64
		{D4CDB256-9FC6-4E24-AC01-F070D2A5B9F3}.Release|x64.Build.0 = Release|x64
		{D4CDB256-9FC6-4E24-AC01-F070D2A5B9F3}.Release|x86.ActiveCfg = Release|Win32
		{D4CDB256-9FC6-4E24-AC01-F070D2A5B9F3}.Release|x86.Build.0 = Release|Win32
		{1C614EBB-BCBD-4439-9ED5-7E042768FA07}.Debug|Any CPU.ActiveCfg = Debug|Any CPU
		{1C614EBB-BCBD-4439-9ED5-7E042768FA07}.Debug|Any CPU.Build.0 = Debug|Any CPU
		{1C614EBB-BCBD-4439-9ED5-7E042768FA07}.Debug|x64.ActiveCfg = Debug|Any CPU
		{1C614EBB-BCBD-4439-9ED5-7E042768FA07}.Debug|x64.Build.0 = Debug|Any CPU
		{1C614EBB-BCBD-4439-9ED5-7E042768FA07}.Debug|x86.ActiveCfg = Debug|Any CPU
		{1C614EBB-BCBD-4439-9ED5-7E042768FA07}.Debug|x86.Build.0 = Debug|Any CPU
		{1C614EBB-BCBD-4439-9ED5-7E042768FA07}.Release|Any CPU.ActiveCfg = Release|Any CPU
		{1C614EBB-BCBD-4439-9ED5-7E042768FA07}.Release|Any CPU.Build.0 = Release|Any CPU
		{1C614EBB-BCBD-4439-9ED5-7E042768FA07}.Release|x64.ActiveCfg = Release|Any CPU
		{1C614EBB-BCBD-4439-9ED5-7E042768FA07}.Release|x64.Build.0 = Release|Any CPU
		{1C614EBB-BCBD-4439-9ED5-7E042768FA07}.Release|x86.ActiveCfg = Release|Any CPU
		{1C614EBB-BCBD-4439-9ED5-7E042768FA07}.Release|x86.Build.0 = Release|Any CPU
		{C1810B99-346C-4D5D-9501-A5819286304A}.Debug|Any CPU.ActiveCfg = Debug|Any CPU
		{C1810B99-346C-4D5D-9501-A5819286304A}.Debug|Any CPU.Build.0 = Debug|Any CPU
		{C1810B99-346C-4D5D-9501-A5819286304A}.Debug|x64.ActiveCfg = Debug|Any CPU
		{C1810B99-346C-4D5D-9501-A5819286304A}.Debug|x64.Build.0 = Debug|Any CPU
		{C1810B99-346C-4D5D-9501-A5819286304A}.Debug|x86.ActiveCfg = Debug|Any CPU
		{C1810B99-346C-4D5D-9501-A5819286304A}.Debug|x86.Build.0 = Debug|Any CPU
		{C1810B99-346C-4D5D-9501-A5819286304A}.Release|Any CPU.ActiveCfg = Release|Any CPU
		{C1810B99-346C-4D5D-9501-A5819286304A}.Release|Any CPU.Build.0 = Release|Any CPU
		{C1810B99-346C-4D5D-9501-A5819286304A}.Release|x64.ActiveCfg = Release|Any CPU
		{C1810B99-346C-4D5D-9501-A5819286304A}.Release|x64.Build.0 = Release|Any CPU
		{C1810B99-346C-4D5D-9501-A5819286304A}.Release|x86.ActiveCfg = Release|Any CPU
		{C1810B99-346C-4D5D-9501-A5819286304A}.Release|x86.Build.0 = Release|Any CPU
		{214679CD-B980-40DB-9DA4-2327C8F3FAE6}.Debug|Any CPU.ActiveCfg = Debug|x64
		{214679CD-B980-40DB-9DA4-2327C8F3FAE6}.Debug|Any CPU.Build.0 = Debug|x64
		{214679CD-B980-40DB-9DA4-2327C8F3FAE6}.Debug|x64.ActiveCfg = Debug|x64
		{214679CD-B980-40DB-9DA4-2327C8F3FAE6}.Debug|x64.Build.0 = Debug|x64
		{214679CD-B980-40DB-9DA4-2327C8F3FAE6}.Debug|x86.ActiveCfg = Debug|Win32
		{214679CD-B980-40DB-9DA4-2327C8F3FAE6}.Debug|x86.Build.0 = Debug|Win32
		{214679CD-B980-40DB-9DA4-2327C8F3FAE6}.Release|Any CPU.ActiveCfg = Release|x64
		{214679CD-B980-40DB-9DA4-2327C8F3FAE6}.Release|Any CPU.Build.0 = Release|x64
		{214679CD-B980-40DB-9DA4-2327C8F3FAE6}.Release|x64.ActiveCfg = Release|x64
		{214679CD-B980-40DB-9DA4-2327C8F3FAE6}.Release|x64.Build.0 = Release|x64
		{214679CD-B980-40DB-9DA4-2327C8F3FAE6}.Release|x86.ActiveCfg = Release|Win32
		{214679CD-B980-40DB-9DA4-2327C8F3FAE6}.Release|x86.Build.0 = Release|Win32
		{35E3115D-FB9E-4675-8FCE-96A9F7C72EF3}.Debug|Any CPU.ActiveCfg = Debug|x64
		{35E3115D-FB9E-4675-8FCE-96A9F7C72EF3}.Debug|Any CPU.Build.0 = Debug|x64
		{35E3115D-FB9E-4675-8FCE-96A9F7C72EF3}.Debug|x64.ActiveCfg = Debug|x64
		{35E3115D-FB9E-4675-8FCE-96A9F7C72EF3}.Debug|x64.Build.0 = Debug|x64
		{35E3115D-FB9E-4675-8FCE-96A9F7C72EF3}.Debug|x86.ActiveCfg = Debug|Win32
		{35E3115D-FB9E-4675-8FCE-96A9F7C72EF3}.Debug|x86.Build.0 = Debug|Win32
		{35E3115D-FB9E-4675-8FCE-96A9F7C72EF3}.Release|Any CPU.ActiveCfg = Release|x64
		{35E3115D-FB9E-4675-8FCE-96A9F7C72EF3}.Release|Any CPU.Build.0 = Release|x64
		{35E3115D-FB9E-4675-8FCE-96A9F7C72EF3}.Release|x64.ActiveCfg = Release|x64
		{35E3115D-FB9E-4675-8FCE-96A9F7C72EF3}.Release|x64.Build.0 = Release|x64
		{35E3115D-FB9E-4675-8FCE-96A9F7C72EF3}.Release|x86.ActiveCfg = Release|Win32
		{35E3115D-FB9E-4675-8FCE-96A9F7C72EF3}.Release|x86.Build.0 = Release|Win32
	EndGlobalSection
	GlobalSection(SolutionProperties) = preSolution
		HideSolutionNode = FALSE
	EndGlobalSection
	GlobalSection(NestedProjects) = preSolution
		{37B01338-4FA9-4006-B598-6BCF5A38538D} = {82EE567D-0A12-4694-9A7F-5D916235B911}
		{44B671CA-9666-4FF2-BF77-C5A4EBC8C50D} = {82EE567D-0A12-4694-9A7F-5D916235B911}
		{0667478B-93CB-4F1F-8BE8-C404621CD26C} = {82EE567D-0A12-4694-9A7F-5D916235B911}
		{C2257AF9-8302-44C7-B089-5B95F68B01F6} = {6454AF3B-2320-4AEE-96AA-F1FE40C4AD10}
		{C0269D7C-BB40-4D48-AB08-A7591ED3C45C} = {6454AF3B-2320-4AEE-96AA-F1FE40C4AD10}
		{D4CDB256-9FC6-4E24-AC01-F070D2A5B9F3} = {6454AF3B-2320-4AEE-96AA-F1FE40C4AD10}
		{1C614EBB-BCBD-4439-9ED5-7E042768FA07} = {82EE567D-0A12-4694-9A7F-5D916235B911}
		{C1810B99-346C-4D5D-9501-A5819286304A} = {6454AF3B-2320-4AEE-96AA-F1FE40C4AD10}
		{214679CD-B980-40DB-9DA4-2327C8F3FAE6} = {82EE567D-0A12-4694-9A7F-5D916235B911}
		{35E3115D-FB9E-4675-8FCE-96A9F7C72EF3} = {6454AF3B-2320-4AEE-96AA-F1FE40C4AD10}
	EndGlobalSection
EndGlobal
