<?xml version="1.0" encoding="utf-8"?>
<Project ToolsVersion="4.0" xmlns="http://schemas.microsoft.com/developer/msbuild/2003">
  <ItemGroup>
    <Filter Include="Common">
      <UniqueIdentifier>{6930e132-d6c4-4c82-b4d6-2f3ad5136d88}</UniqueIdentifier>
    </Filter>
    <Filter Include="Thread">
      <UniqueIdentifier>{4411e6ca-1baf-4437-a140-8960a065d252}</UniqueIdentifier>
    </Filter>
  </ItemGroup>
  <ItemGroup>
    <ClCompile Include="Pch.cpp" />
    <ClCompile Include="Common\ThreadLocalStorage.cpp">
      <Filter>Common</Filter>
    </ClCompile>
    <ClCompile Include="Common\Global.cpp">
      <Filter>Common</Filter>
    </ClCompile>
    <ClCompile Include="Thread\ThreadManager.cpp">
      <Filter>Thread</Filter>
    </ClCompile>
  </ItemGroup>
  <ItemGroup>
    <ClInclude Include="Pch.hpp" />
    <ClInclude Include="Common\Include.hpp">
      <Filter>Common</Filter>
    </ClInclude>
    <ClInclude Include="Common\ThreadLocalStorage.hpp">
      <Filter>Common</Filter>
    </ClInclude>
    <ClInclude Include="Common\Macro.hpp">
      <Filter>Common</Filter>
    </ClInclude>
    <ClInclude Include="Common\Global.hpp">
      <Filter>Common</Filter>
    </ClInclude>
    <ClInclude Include="Thread\ThreadManager.hpp">
      <Filter>Thread</Filter>
    </ClInclude>
  </ItemGroup>
</Project>